
Microsoft Visual Studio Solution File, Format Version 12.00
# Visual Studio 2013
VisualStudioVersion = 12.0.21005.1
MinimumVisualStudioVersion = 10.0.40219.1
Project("{FAE04EC0-301F-11D3-BF4B-00C04F79EFBC}") = "Prepod", "Prepod\Prepod.csproj", "{DBEBE3D0-E775-4A89-85F7-5882D9130962}"
EndProject
Global
	GlobalSection(SolutionConfigurationPlatforms) = preSolution
		Debug|Any CPU = Debug|Any CPU
		Release|Any CPU = Release|Any CPU
	EndGlobalSection
	GlobalSection(ProjectConfigurationPlatforms) = postSolution
		{DBEBE3D0-E775-4A89-85F7-5882D9130962}.Debug|Any CPU.ActiveCfg = Debug|Any CPU
		{DBEBE3D0-E775-4A89-85F7-5882D9130962}.Debug|Any CPU.Build.0 = Debug|Any CPU
		{DBEBE3D0-E775-4A89-85F7-5882D9130962}.Release|Any CPU.ActiveCfg = Release|Any CPU
		{DBEBE3D0-E775-4A89-85F7-5882D9130962}.Release|Any CPU.Build.0 = Release|Any CPU
	EndGlobalSection
	GlobalSection(SolutionProperties) = preSolution
		HideSolutionNode = FALSE
	EndGlobalSection
EndGlobal
